PODS:
  - Kiwi (2.4.0)
  - Macros (0.1.0)

DEPENDENCIES:
  - Kiwi
  - Macros (from `../`)

SPEC REPOS:
  https://github.com/cocoapods/specs.git:
    - Kiwi

EXTERNAL SOURCES:
  Macros:
    :path: "../"

SPEC CHECKSUMS:
  Kiwi: f49c9d54b28917df5928fe44968a39ed198cb8a8
  Macros: e6c06f090fcb46fff5f4934aaa7e40cd2f5ad3d6

PODFILE CHECKSUM: 8640dc9bfe50ff2523c10cad1b5d9d32c6724a05

COCOAPODS: 1.5.3
