PODS:
  - Kiwi (2.4.0)
  - Macros (0.1.0)

DEPENDENCIES:
  - Kiwi
  - Macros (from `../`)

EXTERNAL SOURCES:
  Macros:
    :path: ../

SPEC CHECKSUMS:
  Kiwi: f49c9d54b28917df5928fe44968a39ed198cb8a8
  Macros: 7e64a34b4fdd2be939a0cc5aaa46a9264f6d5af9

PODFILE CHECKSUM: 8640dc9bfe50ff2523c10cad1b5d9d32c6724a05

COCOAPODS: 1.3.1
